
Microsoft Visual Studio Solution File, Format Version 12.00
# Visual Studio 14
VisualStudioVersion = 14.0.25123.0
MinimumVisualStudioVersion = 10.0.40219.1
Project("{FAE04EC0-301F-11D3-BF4B-00C04F79EFBC}") = "SharpService", "SharpService\SharpService.csproj", "{09BC7D2D-0B2D-454D-9EA0-315FEDA77BD2}"
EndProject
Global
	GlobalSection(SolutionConfigurationPlatforms) = preSolution
		Debug|Any CPU = Debug|Any CPU
		Release|Any CPU = Release|Any CPU
	EndGlobalSection
	GlobalSection(ProjectConfigurationPlatforms) = postSolution
		{09BC7D2D-0B2D-454D-9EA0-315FEDA77BD2}.Debug|Any CPU.ActiveCfg = Debug|Any CPU
		{09BC7D2D-0B2D-454D-9EA0-315FEDA77BD2}.Debug|Any CPU.Build.0 = Debug|Any CPU
		{09BC7D2D-0B2D-454D-9EA0-315FEDA77BD2}.Release|Any CPU.ActiveCfg = Release|Any CPU
		{09BC7D2D-0B2D-454D-9EA0-315FEDA77BD2}.Release|Any CPU.Build.0 = Release|Any CPU
	EndGlobalSection
	GlobalSection(SolutionProperties) = preSolution
		HideSolutionNode = FALSE
	EndGlobalSection
EndGlobal
